
Microsoft Visual Studio Solution File, Format Version 12.00
# Visual Studio Version 16
VisualStudioVersion = 16.0.32228.343
MinimumVisualStudioVersion = 10.0.40219.1
Project("{9A19103F-16F7-4668-BE54-9A1E7A4F7556}") = "JwSale.Api", "JwSale.Api\JwSale.Api.csproj", "{FB18E175-F2A0-47E6-9F98-6C3C83488F69}"
EndProject
Project("{9A19103F-16F7-4668-BE54-9A1E7A4F7556}") = "JwSale.Util", "JwSale.Util\JwSale.Util.csproj", "{983233EA-EEBC-485A-838F-712B4D318FA5}"
EndProject
Project("{9A19103F-16F7-4668-BE54-9A1E7A4F7556}") = "JwSale.Model", "JwSale.Model\JwSale.Model.csproj", "{CD9CC499-BBCD-4C69-853E-9407714B8B21}"
EndProject
Project("{9A19103F-16F7-4668-BE54-9A1E7A4F7556}") = "JwSale.Packs", "JwSale.Packs\JwSale.Packs.csproj", "{0D639FAD-9235-42B7-B034-82BF135264F9}"
EndProject
Project("{9A19103F-16F7-4668-BE54-9A1E7A4F7556}") = "JwSale.Repository", "JwSale.Repository\JwSale.Repository.csproj", "{45C932C4-F5C2-4ADF-9344-8EE9DC18296D}"
EndProject
Project("{9A19103F-16F7-4668-BE54-9A1E7A4F7556}") = "FreeSqlCore", "FreeSqlCore\FreeSqlCore.csproj", "{25464117-2F42-4718-9506-E794D22DAE9F}"
EndProject
Project("{9A19103F-16F7-4668-BE54-9A1E7A4F7556}") = "RabbitmqCore", "RabbitmqCore\RabbitmqCore.csproj", "{CCBBD38F-A2DD-47B0-91C1-ED559F2345E3}"
EndProject
Project("{9A19103F-16F7-4668-BE54-9A1E7A4F7556}") = "FeignCore", "FeignCore\FeignCore.csproj", "{63F57A14-3DDE-4477-BC35-8A9C95FD45F5}"
EndProject
Project("{9A19103F-16F7-4668-BE54-9A1E7A4F7556}") = "LocalizerCore", "LocalizerCore\LocalizerCore.csproj", "{33742BDA-007D-43BC-98AE-CFEB3BB89FF8}"
EndProject
Project("{9A19103F-16F7-4668-BE54-9A1E7A4F7556}") = "JsSaleService", "JsSaleService\JsSaleService.csproj", "{767E6767-BD7D-45EE-8AB4-F17CADDF64A3}"
EndProject
Project("{FAE04EC0-301F-11D3-BF4B-00C04F79EFBC}") = "MongodbCore", "MongodbCore\MongodbCore.csproj", "{F7806495-DE1D-4783-B30D-2BB5A5343112}"
EndProject
Global
	GlobalSection(SolutionConfigurationPlatforms) = preSolution
		Debug|Any CPU = Debug|Any CPU
		Release|Any CPU = Release|Any CPU
	EndGlobalSection
	GlobalSection(ProjectConfigurationPlatforms) = postSolution
		{FB18E175-F2A0-47E6-9F98-6C3C83488F69}.Debug|Any CPU.ActiveCfg = Debug|Any CPU
		{FB18E175-F2A0-47E6-9F98-6C3C83488F69}.Debug|Any CPU.Build.0 = Debug|Any CPU
		{FB18E175-F2A0-47E6-9F98-6C3C83488F69}.Release|Any CPU.ActiveCfg = Release|Any CPU
		{FB18E175-F2A0-47E6-9F98-6C3C83488F69}.Release|Any CPU.Build.0 = Release|Any CPU
		{983233EA-EEBC-485A-838F-712B4D318FA5}.Debug|Any CPU.ActiveCfg = Debug|Any CPU
		{983233EA-EEBC-485A-838F-712B4D318FA5}.Debug|Any CPU.Build.0 = Debug|Any CPU
		{983233EA-EEBC-485A-838F-712B4D318FA5}.Release|Any CPU.ActiveCfg = Release|Any CPU
		{983233EA-EEBC-485A-838F-712B4D318FA5}.Release|Any CPU.Build.0 = Release|Any CPU
		{CD9CC499-BBCD-4C69-853E-9407714B8B21}.Debug|Any CPU.ActiveCfg = Debug|Any CPU
		{CD9CC499-BBCD-4C69-853E-9407714B8B21}.Debug|Any CPU.Build.0 = Debug|Any CPU
		{CD9CC499-BBCD-4C69-853E-9407714B8B21}.Release|Any CPU.ActiveCfg = Release|Any CPU
		{CD9CC499-BBCD-4C69-853E-9407714B8B21}.Release|Any CPU.Build.0 = Release|Any CPU
		{0D639FAD-9235-42B7-B034-82BF135264F9}.Debug|Any CPU.ActiveCfg = Debug|Any CPU
		{0D639FAD-9235-42B7-B034-82BF135264F9}.Debug|Any CPU.Build.0 = Debug|Any CPU
		{0D639FAD-9235-42B7-B034-82BF135264F9}.Release|Any CPU.ActiveCfg = Release|Any CPU
		{0D639FAD-9235-42B7-B034-82BF135264F9}.Release|Any CPU.Build.0 = Release|Any CPU
		{45C932C4-F5C2-4ADF-9344-8EE9DC18296D}.Debug|Any CPU.ActiveCfg = Debug|Any CPU
		{45C932C4-F5C2-4ADF-9344-8EE9DC18296D}.Debug|Any CPU.Build.0 = Debug|Any CPU
		{45C932C4-F5C2-4ADF-9344-8EE9DC18296D}.Release|Any CPU.ActiveCfg = Release|Any CPU
		{45C932C4-F5C2-4ADF-9344-8EE9DC18296D}.Release|Any CPU.Build.0 = Release|Any CPU
		{25464117-2F42-4718-9506-E794D22DAE9F}.Debug|Any CPU.ActiveCfg = Debug|Any CPU
		{25464117-2F42-4718-9506-E794D22DAE9F}.Debug|Any CPU.Build.0 = Debug|Any CPU
		{25464117-2F42-4718-9506-E794D22DAE9F}.Release|Any CPU.ActiveCfg = Release|Any CPU
		{25464117-2F42-4718-9506-E794D22DAE9F}.Release|Any CPU.Build.0 = Release|Any CPU
		{CCBBD38F-A2DD-47B0-91C1-ED559F2345E3}.Debug|Any CPU.ActiveCfg = Debug|Any CPU
		{CCBBD38F-A2DD-47B0-91C1-ED559F2345E3}.Debug|Any CPU.Build.0 = Debug|Any CPU
		{CCBBD38F-A2DD-47B0-91C1-ED559F2345E3}.Release|Any CPU.ActiveCfg = Release|Any CPU
		{CCBBD38F-A2DD-47B0-91C1-ED559F2345E3}.Release|Any CPU.Build.0 = Release|Any CPU
		{63F57A14-3DDE-4477-BC35-8A9C95FD45F5}.Debug|Any CPU.ActiveCfg = Debug|Any CPU
		{63F57A14-3DDE-4477-BC35-8A9C95FD45F5}.Debug|Any CPU.Build.0 = Debug|Any CPU
		{63F57A14-3DDE-4477-BC35-8A9C95FD45F5}.Release|Any CPU.ActiveCfg = Release|Any CPU
		{63F57A14-3DDE-4477-BC35-8A9C95FD45F5}.Release|Any CPU.Build.0 = Release|Any CPU
		{33742BDA-007D-43BC-98AE-CFEB3BB89FF8}.Debug|Any CPU.ActiveCfg = Debug|Any CPU
		{33742BDA-007D-43BC-98AE-CFEB3BB89FF8}.Debug|Any CPU.Build.0 = Debug|Any CPU
		{33742BDA-007D-43BC-98AE-CFEB3BB89FF8}.Release|Any CPU.ActiveCfg = Release|Any CPU
		{33742BDA-007D-43BC-98AE-CFEB3BB89FF8}.Release|Any CPU.Build.0 = Release|Any CPU
		{767E6767-BD7D-45EE-8AB4-F17CADDF64A3}.Debug|Any CPU.ActiveCfg = Debug|Any CPU
		{767E6767-BD7D-45EE-8AB4-F17CADDF64A3}.Debug|Any CPU.Build.0 = Debug|Any CPU
		{767E6767-BD7D-45EE-8AB4-F17CADDF64A3}.Release|Any CPU.ActiveCfg = Release|Any CPU
		{767E6767-BD7D-45EE-8AB4-F17CADDF64A3}.Release|Any CPU.Build.0 = Release|Any CPU
		{F7806495-DE1D-4783-B30D-2BB5A5343112}.Debug|Any CPU.ActiveCfg = Debug|Any CPU
		{F7806495-DE1D-4783-B30D-2BB5A5343112}.Debug|Any CPU.Build.0 = Debug|Any CPU
		{F7806495-DE1D-4783-B30D-2BB5A5343112}.Release|Any CPU.ActiveCfg = Release|Any CPU
		{F7806495-DE1D-4783-B30D-2BB5A5343112}.Release|Any CPU.Build.0 = Release|Any CPU
	EndGlobalSection
	GlobalSection(SolutionProperties) = preSolution
		HideSolutionNode = FALSE
	EndGlobalSection
	GlobalSection(ExtensibilityGlobals) = postSolution
		SolutionGuid = {3A72FBBC-3E83-4746-B36D-AA1A0736D8A9}
	EndGlobalSection
EndGlobal
